
Microsoft Visual Studio Solution File, Format Version 12.00
# Visual Studio 15
VisualStudioVersion = 15.0.27428.2011
MinimumVisualStudioVersion = 10.0.40219.1
Project("{FAE04EC0-301F-11D3-BF4B-00C04F79EFBC}") = "HaulageProject", "HaulageProject\HaulageProject.csproj", "{A6881DA0-EE79-4B94-827C-5AD3FA01B904}"
EndProject
Project("{FAE04EC0-301F-11D3-BF4B-00C04F79EFBC}") = "HypCoreLibrary", "HypCoreLibrary\HypCoreLibrary.csproj", "{08DD35D4-9C0E-4A43-8DAD-9D45C0993AE6}"
EndProject
Project("{FAE04EC0-301F-11D3-BF4B-00C04F79EFBC}") = "Testing", "Testing\Testing.csproj", "{6A6F24E3-492F-4AE5-AAFB-A6FBDAE16CCB}"
EndProject
Global
	GlobalSection(SolutionConfigurationPlatforms) = preSolution
		Debug|Any CPU = Debug|Any CPU
		Debug|x64 = Debug|x64
		Release|Any CPU = Release|Any CPU
		Release|x64 = Release|x64
	EndGlobalSection
	GlobalSection(ProjectConfigurationPlatforms) = postSolution
		{A6881DA0-EE79-4B94-827C-5AD3FA01B904}.Debug|Any CPU.ActiveCfg = Debug|Any CPU
		{A6881DA0-EE79-4B94-827C-5AD3FA01B904}.Debug|Any CPU.Build.0 = Debug|Any CPU
		{A6881DA0-EE79-4B94-827C-5AD3FA01B904}.Debug|x64.ActiveCfg = Debug|x64
		{A6881DA0-EE79-4B94-827C-5AD3FA01B904}.Debug|x64.Build.0 = Debug|x64
		{A6881DA0-EE79-4B94-827C-5AD3FA01B904}.Release|Any CPU.ActiveCfg = Release|Any CPU
		{A6881DA0-EE79-4B94-827C-5AD3FA01B904}.Release|Any CPU.Build.0 = Release|Any CPU
		{A6881DA0-EE79-4B94-827C-5AD3FA01B904}.Release|x64.ActiveCfg = Release|x64
		{A6881DA0-EE79-4B94-827C-5AD3FA01B904}.Release|x64.Build.0 = Release|x64
		{08DD35D4-9C0E-4A43-8DAD-9D45C0993AE6}.Debug|Any CPU.ActiveCfg = Debug|Any CPU
		{08DD35D4-9C0E-4A43-8DAD-9D45C0993AE6}.Debug|Any CPU.Build.0 = Debug|Any CPU
		{08DD35D4-9C0E-4A43-8DAD-9D45C0993AE6}.Debug|x64.ActiveCfg = Debug|Any CPU
		{08DD35D4-9C0E-4A43-8DAD-9D45C0993AE6}.Debug|x64.Build.0 = Debug|Any CPU
		{08DD35D4-9C0E-4A43-8DAD-9D45C0993AE6}.Release|Any CPU.ActiveCfg = Release|Any CPU
		{08DD35D4-9C0E-4A43-8DAD-9D45C0993AE6}.Release|Any CPU.Build.0 = Release|Any CPU
		{08DD35D4-9C0E-4A43-8DAD-9D45C0993AE6}.Release|x64.ActiveCfg = Release|Any CPU
		{08DD35D4-9C0E-4A43-8DAD-9D45C0993AE6}.Release|x64.Build.0 = Release|Any CPU
		{6A6F24E3-492F-4AE5-AAFB-A6FBDAE16CCB}.Debug|Any CPU.ActiveCfg = Debug|Any CPU
		{6A6F24E3-492F-4AE5-AAFB-A6FBDAE16CCB}.Debug|Any CPU.Build.0 = Debug|Any CPU
		{6A6F24E3-492F-4AE5-AAFB-A6FBDAE16CCB}.Debug|x64.ActiveCfg = Debug|Any CPU
		{6A6F24E3-492F-4AE5-AAFB-A6FBDAE16CCB}.Debug|x64.Build.0 = Debug|Any CPU
		{6A6F24E3-492F-4AE5-AAFB-A6FBDAE16CCB}.Release|Any CPU.ActiveCfg = Release|Any CPU
		{6A6F24E3-492F-4AE5-AAFB-A6FBDAE16CCB}.Release|Any CPU.Build.0 = Release|Any CPU
		{6A6F24E3-492F-4AE5-AAFB-A6FBDAE16CCB}.Release|x64.ActiveCfg = Release|Any CPU
		{6A6F24E3-492F-4AE5-AAFB-A6FBDAE16CCB}.Release|x64.Build.0 = Release|Any CPU
	EndGlobalSection
	GlobalSection(SolutionProperties) = preSolution
		HideSolutionNode = FALSE
	EndGlobalSection
	GlobalSection(ExtensibilityGlobals) = postSolution
		SolutionGuid = {377BF2E5-31CE-4ABF-8BBF-1F0680E5662D}
	EndGlobalSection
EndGlobal
